{
  "version": 4,
  "terraform_version": "0.12.24",
  "serial": 14,
  "lineage": "2263bfba-2cfa-989a-13e4-1836446247f8",
  "outputs": {
    "raddit_public_ip": {
      "value": "35.187.72.137",
      "type": "string"
    }
  },
  "resources": [
    {
      "mode": "managed",
      "type": "google_compute_backend_bucket",
      "name": "raddit_store",
      "provider": "provider.google",
      "instances": [
        {
          "schema_version": 0,
          "attributes": {
            "bucket_name": "tf-raddit-store-bucket",
            "cdn_policy": [],
            "creation_timestamp": "2020-04-24T08:28:09.532-07:00",
            "description": "Contains beautiful terrafom state",
            "enable_cdn": true,
            "id": "projects/carbide-primer-275017/global/backendBuckets/tf-raddit-backend-bucket",
            "name": "tf-raddit-backend-bucket",
            "project": "carbide-primer-275017",
            "self_link": "https://www.googleapis.com/compute/v1/projects/carbide-primer-275017/global/backendBuckets/tf-raddit-backend-bucket",
            "timeouts": null
          },
          "private": "eyJlMmJmYjczMC1lY2FhLTExZTYtOGY4OC0zNDM2M2JjN2M0YzAiOnsiY3JlYXRlIjoyNDAwMDAwMDAwMDAsImRlbGV0ZSI6MjQwMDAwMDAwMDAwLCJ1cGRhdGUiOjI0MDAwMDAwMDAwMH19",
          "dependencies": [
            "google_storage_bucket.raddit_bucket"
          ]
        }
      ]
    },
    {
      "mode": "managed",
      "type": "google_compute_firewall",
      "name": "raddit",
      "provider": "provider.google",
      "instances": [
        {
          "schema_version": 1,
          "attributes": {
            "allow": [
              {
                "ports": [
                  "9292"
                ],
                "protocol": "tcp"
              }
            ],
            "creation_timestamp": "2020-04-24T07:07:48.568-07:00",
            "deny": [],
            "description": "",
            "destination_ranges": [],
            "direction": "INGRESS",
            "disabled": false,
            "enable_logging": false,
            "id": "projects/carbide-primer-275017/global/firewalls/allow-raddit-tcp-9292",
            "name": "allow-raddit-tcp-9292",
            "network": "https://www.googleapis.com/compute/v1/projects/carbide-primer-275017/global/networks/default",
            "priority": 1000,
            "project": "carbide-primer-275017",
            "self_link": "https://www.googleapis.com/compute/v1/projects/carbide-primer-275017/global/firewalls/allow-raddit-tcp-9292",
            "source_ranges": [
              "0.0.0.0/0"
            ],
            "source_service_accounts": [],
            "source_tags": [],
            "target_service_accounts": [],
            "target_tags": [],
            "timeouts": null
          },
          "private": "eyJlMmJmYjczMC1lY2FhLTExZTYtOGY4OC0zNDM2M2JjN2M0YzAiOnsiY3JlYXRlIjoyNDAwMDAwMDAwMDAsImRlbGV0ZSI6MjQwMDAwMDAwMDAwLCJ1cGRhdGUiOjI0MDAwMDAwMDAwMH0sInNjaGVtYV92ZXJzaW9uIjoiMSJ9"
        }
      ]
    },
    {
      "mode": "managed",
      "type": "google_compute_instance",
      "name": "raddit",
      "provider": "provider.google",
      "instances": [
        {
          "schema_version": 6,
          "attributes": {
            "allow_stopping_for_update": null,
            "attached_disk": [],
            "boot_disk": [
              {
                "auto_delete": true,
                "device_name": "persistent-disk-0",
                "disk_encryption_key_raw": "",
                "disk_encryption_key_sha256": "",
                "initialize_params": [
                  {
                    "image": "https://www.googleapis.com/compute/v1/projects/carbide-primer-275017/global/images/raddit-base-20200423-045027",
                    "labels": {},
                    "size": 10,
                    "type": "pd-standard"
                  }
                ],
                "kms_key_self_link": "",
                "mode": "READ_WRITE",
                "source": "https://www.googleapis.com/compute/v1/projects/carbide-primer-275017/zones/europe-west1-b/disks/raddit-instance"
              }
            ],
            "can_ip_forward": false,
            "cpu_platform": "Intel Haswell",
            "current_status": "RUNNING",
            "deletion_protection": false,
            "description": "",
            "desired_status": null,
            "enable_display": false,
            "guest_accelerator": [],
            "hostname": "",
            "id": "projects/carbide-primer-275017/zones/europe-west1-b/instances/raddit-instance",
            "instance_id": "4417152512059985690",
            "label_fingerprint": "42WmSpB8rSM=",
            "labels": {},
            "machine_type": "n1-standard-1",
            "metadata": {
              "enable-oslogin": "TRUE",
              "startup-script": "#!/bin/bash\nset -e\n\n#Get stable vercion of raddit\ngit clone https://github.com/upsysops/raddit.git /home/vagrant/raddit/\n\n#Instal gems\ncd /home/vagrant/raddit\nbundle install\n\n#Start reddit service\nsudo systemctl start raddit\nsudo systemctl enable raddit\n"
            },
            "metadata_fingerprint": "R6DBp931tD8=",
            "metadata_startup_script": null,
            "min_cpu_platform": "",
            "name": "raddit-instance",
            "network_interface": [
              {
                "access_config": [
                  {
                    "nat_ip": "35.187.72.137",
                    "network_tier": "PREMIUM",
                    "public_ptr_domain_name": ""
                  }
                ],
                "alias_ip_range": [],
                "name": "nic0",
                "network": "https://www.googleapis.com/compute/v1/projects/carbide-primer-275017/global/networks/default",
                "network_ip": "10.132.0.5",
                "subnetwork": "https://www.googleapis.com/compute/v1/projects/carbide-primer-275017/regions/europe-west1/subnetworks/default",
                "subnetwork_project": "carbide-primer-275017"
              }
            ],
            "project": "carbide-primer-275017",
            "scheduling": [
              {
                "automatic_restart": true,
                "node_affinities": [],
                "on_host_maintenance": "MIGRATE",
                "preemptible": false
              }
            ],
            "scratch_disk": [],
            "self_link": "https://www.googleapis.com/compute/v1/projects/carbide-primer-275017/zones/europe-west1-b/instances/raddit-instance",
            "service_account": [],
            "shielded_instance_config": [
              {
                "enable_integrity_monitoring": true,
                "enable_secure_boot": false,
                "enable_vtpm": true
              }
            ],
            "tags": [],
            "tags_fingerprint": "42WmSpB8rSM=",
            "timeouts": null,
            "zone": "europe-west1-b"
          },
          "private": "eyJlMmJmYjczMC1lY2FhLTExZTYtOGY4OC0zNDM2M2JjN2M0YzAiOnsiY3JlYXRlIjoxMjAwMDAwMDAwMDAwLCJkZWxldGUiOjEyMDAwMDAwMDAwMDAsInVwZGF0ZSI6MTIwMDAwMDAwMDAwMH0sInNjaGVtYV92ZXJzaW9uIjoiNiJ9"
        }
      ]
    },
    {
      "mode": "managed",
      "type": "google_storage_bucket",
      "name": "raddit_bucket",
      "provider": "provider.google",
      "instances": [
        {
          "schema_version": 0,
          "attributes": {
            "bucket_policy_only": false,
            "cors": [],
            "default_event_based_hold": false,
            "encryption": [],
            "force_destroy": false,
            "id": "tf-raddit-store-bucket",
            "labels": null,
            "lifecycle_rule": [],
            "location": "EU",
            "logging": [],
            "name": "tf-raddit-store-bucket",
            "project": "carbide-primer-275017",
            "requester_pays": false,
            "retention_policy": [],
            "self_link": "https://www.googleapis.com/storage/v1/b/tf-raddit-store-bucket",
            "storage_class": "STANDARD",
            "url": "gs://tf-raddit-store-bucket",
            "versioning": [],
            "website": []
          },
          "private": "bnVsbA=="
        }
      ]
    }
  ]
}
